{
  "name": "flag-warriors-frontend",
  "version": "1.0.0",
  "lockfileVersion": 3,
  "requires": true,
  "packages": {
    "": {
      "name": "flag-warriors-frontend",
      "version": "1.0.0",
      "license": "ISC",
      "dependencies": {
        "flag-warriors-frontend": "file:"
      }
    },
    "node_modules/flag-warriors-frontend": {
      "resolved": "",
      "link": true
    }
  }
}
